
Microsoft Visual Studio Solution File, Format Version 12.00
# Visual Studio 2012
Project("{FAE04EC0-301F-11D3-BF4B-00C04F79EFBC}") = "OrganiSmo0", "OrganiSmo0\OrganiSmo0.csproj", "{A1517D90-4517-4F6F-8880-E98B20790992}"
EndProject
Global
	GlobalSection(SolutionConfigurationPlatforms) = preSolution
		Debug|x86 = Debug|x86
		Release|x86 = Release|x86
	EndGlobalSection
	GlobalSection(ProjectConfigurationPlatforms) = postSolution
		{A1517D90-4517-4F6F-8880-E98B20790992}.Debug|x86.ActiveCfg = Debug|x86
		{A1517D90-4517-4F6F-8880-E98B20790992}.Debug|x86.Build.0 = Debug|x86
		{A1517D90-4517-4F6F-8880-E98B20790992}.Release|x86.ActiveCfg = Release|x86
		{A1517D90-4517-4F6F-8880-E98B20790992}.Release|x86.Build.0 = Release|x86
	EndGlobalSection
EndGlobal
